
Microsoft Visual Studio Solution File, Format Version 12.00
# Visual Studio Version 17
VisualStudioVersion = 17.3.32804.467
MinimumVisualStudioVersion = 10.0.40219.1
Project("{FAE04EC0-301F-11D3-BF4B-00C04F79EFBC}") = "SM64SampleTuner", "SM64SampleTuner.csproj", "{F10053E0-E3B5-4E52-AA8D-F17404A3AE66}"
EndProject
Global
	GlobalSection(SolutionConfigurationPlatforms) = preSolution
		Debug|Any CPU = Debug|Any CPU
		Release|Any CPU = Release|Any CPU
	EndGlobalSection
	GlobalSection(ProjectConfigurationPlatforms) = postSolution
		{F10053E0-E3B5-4E52-AA8D-F17404A3AE66}.Debug|Any CPU.ActiveCfg = Release|Any CPU
		{F10053E0-E3B5-4E52-AA8D-F17404A3AE66}.Debug|Any CPU.Build.0 = Release|Any CPU
		{F10053E0-E3B5-4E52-AA8D-F17404A3AE66}.Release|Any CPU.ActiveCfg = Release|Any CPU
		{F10053E0-E3B5-4E52-AA8D-F17404A3AE66}.Release|Any CPU.Build.0 = Release|Any CPU
	EndGlobalSection
	GlobalSection(SolutionProperties) = preSolution
		HideSolutionNode = FALSE
	EndGlobalSection
	GlobalSection(ExtensibilityGlobals) = postSolution
		SolutionGuid = {7B378D68-4741-4861-83B5-04FC0A5E140B}
	EndGlobalSection
EndGlobal
